
Microsoft Visual Studio Solution File, Format Version 12.00
# Visual Studio Version 16
VisualStudioVersion = 16.0.32228.343
MinimumVisualStudioVersion = 10.0.40219.1
Project("{9A19103F-16F7-4668-BE54-9A1E7A4F7556}") = "ZooBazaar-SAIA-Desktop", "ZooBazaar-SAIA-Desktop\ZooBazaar-SAIA-Desktop.csproj", "{BA4BF6E0-418A-410A-BBAE-A97791668F49}"
	ProjectSection(ProjectDependencies) = postProject
		{18F332AC-C2AF-45CF-AD4E-D2438CB06246} = {18F332AC-C2AF-45CF-AD4E-D2438CB06246}
	EndProjectSection
EndProject
Project("{9A19103F-16F7-4668-BE54-9A1E7A4F7556}") = "Class-Library", "Class-Library\Class-Library.csproj", "{18F332AC-C2AF-45CF-AD4E-D2438CB06246}"
EndProject
Project("{9A19103F-16F7-4668-BE54-9A1E7A4F7556}") = "ZooBazaar-SAIA-Web", "ZooBazaar-SAIA-Web\ZooBazaar-SAIA-Web.csproj", "{7769C79E-8BF9-4BE5-B923-9D820DC4DDBE}"
EndProject
Project("{9A19103F-16F7-4668-BE54-9A1E7A4F7556}") = "Class-LibraryTests", "Class-LibraryTests\Class-LibraryTests.csproj", "{FE556E05-2076-4612-B0ED-5AFDE080FB9A}"
EndProject
Global
	GlobalSection(SolutionConfigurationPlatforms) = preSolution
		Debug|Any CPU = Debug|Any CPU
		Release|Any CPU = Release|Any CPU
	EndGlobalSection
	GlobalSection(ProjectConfigurationPlatforms) = postSolution
		{BA4BF6E0-418A-410A-BBAE-A97791668F49}.Debug|Any CPU.ActiveCfg = Debug|Any CPU
		{BA4BF6E0-418A-410A-BBAE-A97791668F49}.Debug|Any CPU.Build.0 = Debug|Any CPU
		{BA4BF6E0-418A-410A-BBAE-A97791668F49}.Release|Any CPU.ActiveCfg = Release|Any CPU
		{BA4BF6E0-418A-410A-BBAE-A97791668F49}.Release|Any CPU.Build.0 = Release|Any CPU
		{18F332AC-C2AF-45CF-AD4E-D2438CB06246}.Debug|Any CPU.ActiveCfg = Debug|Any CPU
		{18F332AC-C2AF-45CF-AD4E-D2438CB06246}.Debug|Any CPU.Build.0 = Debug|Any CPU
		{18F332AC-C2AF-45CF-AD4E-D2438CB06246}.Release|Any CPU.ActiveCfg = Release|Any CPU
		{18F332AC-C2AF-45CF-AD4E-D2438CB06246}.Release|Any CPU.Build.0 = Release|Any CPU
		{7769C79E-8BF9-4BE5-B923-9D820DC4DDBE}.Debug|Any CPU.ActiveCfg = Debug|Any CPU
		{7769C79E-8BF9-4BE5-B923-9D820DC4DDBE}.Debug|Any CPU.Build.0 = Debug|Any CPU
		{7769C79E-8BF9-4BE5-B923-9D820DC4DDBE}.Release|Any CPU.ActiveCfg = Release|Any CPU
		{7769C79E-8BF9-4BE5-B923-9D820DC4DDBE}.Release|Any CPU.Build.0 = Release|Any CPU
		{FE556E05-2076-4612-B0ED-5AFDE080FB9A}.Debug|Any CPU.ActiveCfg = Debug|Any CPU
		{FE556E05-2076-4612-B0ED-5AFDE080FB9A}.Debug|Any CPU.Build.0 = Debug|Any CPU
		{FE556E05-2076-4612-B0ED-5AFDE080FB9A}.Release|Any CPU.ActiveCfg = Release|Any CPU
		{FE556E05-2076-4612-B0ED-5AFDE080FB9A}.Release|Any CPU.Build.0 = Release|Any CPU
	EndGlobalSection
	GlobalSection(SolutionProperties) = preSolution
		HideSolutionNode = FALSE
	EndGlobalSection
	GlobalSection(ExtensibilityGlobals) = postSolution
		SolutionGuid = {07FD5A74-6CE0-4BF8-B3AC-DBD4C90A8B9E}
	EndGlobalSection
EndGlobal
